
Microsoft Visual Studio Solution File, Format Version 12.00
# Visual Studio 15
VisualStudioVersion = 15.0.28307.757
MinimumVisualStudioVersion = 10.0.40219.1
Project("{9A19103F-16F7-4668-BE54-9A1E7A4F7556}") = "Lesson14", "Lesson14\Lesson14.csproj", "{1EE615AA-D61C-4F3F-BD16-B4AB6C8C2A70}"
EndProject
Project("{9A19103F-16F7-4668-BE54-9A1E7A4F7556}") = "Lesson14_Home", "Lesson14_Home\Lesson14_Home.csproj", "{F70035CD-F5F4-40FC-A827-BC5956194C81}"
EndProject
Project("{9A19103F-16F7-4668-BE54-9A1E7A4F7556}") = "Lesson14_Home2", "Lesson14_Home2\Lesson14_Home2.csproj", "{16C52DBF-4721-40EB-9B55-5630C22874DF}"
EndProject
Project("{FAE04EC0-301F-11D3-BF4B-00C04F79EFBC}") = "Lesson14_2", "Lesson14_2\Lesson14_2.csproj", "{1B8AD6C4-C987-4E01-ABEC-689EB12408FD}"
EndProject
Global
	GlobalSection(SolutionConfigurationPlatforms) = preSolution
		Debug|Any CPU = Debug|Any CPU
		Release|Any CPU = Release|Any CPU
	EndGlobalSection
	GlobalSection(ProjectConfigurationPlatforms) = postSolution
		{1EE615AA-D61C-4F3F-BD16-B4AB6C8C2A70}.Debug|Any CPU.ActiveCfg = Debug|Any CPU
		{1EE615AA-D61C-4F3F-BD16-B4AB6C8C2A70}.Debug|Any CPU.Build.0 = Debug|Any CPU
		{1EE615AA-D61C-4F3F-BD16-B4AB6C8C2A70}.Release|Any CPU.ActiveCfg = Release|Any CPU
		{1EE615AA-D61C-4F3F-BD16-B4AB6C8C2A70}.Release|Any CPU.Build.0 = Release|Any CPU
		{F70035CD-F5F4-40FC-A827-BC5956194C81}.Debug|Any CPU.ActiveCfg = Debug|Any CPU
		{F70035CD-F5F4-40FC-A827-BC5956194C81}.Debug|Any CPU.Build.0 = Debug|Any CPU
		{F70035CD-F5F4-40FC-A827-BC5956194C81}.Release|Any CPU.ActiveCfg = Release|Any CPU
		{F70035CD-F5F4-40FC-A827-BC5956194C81}.Release|Any CPU.Build.0 = Release|Any CPU
		{16C52DBF-4721-40EB-9B55-5630C22874DF}.Debug|Any CPU.ActiveCfg = Debug|Any CPU
		{16C52DBF-4721-40EB-9B55-5630C22874DF}.Debug|Any CPU.Build.0 = Debug|Any CPU
		{16C52DBF-4721-40EB-9B55-5630C22874DF}.Release|Any CPU.ActiveCfg = Release|Any CPU
		{16C52DBF-4721-40EB-9B55-5630C22874DF}.Release|Any CPU.Build.0 = Release|Any CPU
		{1B8AD6C4-C987-4E01-ABEC-689EB12408FD}.Debug|Any CPU.ActiveCfg = Debug|Any CPU
		{1B8AD6C4-C987-4E01-ABEC-689EB12408FD}.Debug|Any CPU.Build.0 = Debug|Any CPU
		{1B8AD6C4-C987-4E01-ABEC-689EB12408FD}.Release|Any CPU.ActiveCfg = Release|Any CPU
		{1B8AD6C4-C987-4E01-ABEC-689EB12408FD}.Release|Any CPU.Build.0 = Release|Any CPU
	EndGlobalSection
	GlobalSection(SolutionProperties) = preSolution
		HideSolutionNode = FALSE
	EndGlobalSection
	GlobalSection(ExtensibilityGlobals) = postSolution
		SolutionGuid = {21B97CFA-7303-4F81-8DFE-22DFBF5845F4}
	EndGlobalSection
EndGlobal
