
Microsoft Visual Studio Solution File, Format Version 12.00
# Visual Studio 15
VisualStudioVersion = 15.0.28307.421
MinimumVisualStudioVersion = 10.0.40219.1
Project("{FAE04EC0-301F-11D3-BF4B-00C04F79EFBC}") = "EntityFrameWorkDemo", "EntityFrameWorkDemo\EntityFrameWorkDemo.csproj", "{057835AA-39A4-447E-AE4D-D185D8A39D44}"
EndProject
Global
	GlobalSection(SolutionConfigurationPlatforms) = preSolution
		Debug|Any CPU = Debug|Any CPU
		Release|Any CPU = Release|Any CPU
	EndGlobalSection
	GlobalSection(ProjectConfigurationPlatforms) = postSolution
		{057835AA-39A4-447E-AE4D-D185D8A39D44}.Debug|Any CPU.ActiveCfg = Debug|Any CPU
		{057835AA-39A4-447E-AE4D-D185D8A39D44}.Debug|Any CPU.Build.0 = Debug|Any CPU
		{057835AA-39A4-447E-AE4D-D185D8A39D44}.Release|Any CPU.ActiveCfg = Release|Any CPU
		{057835AA-39A4-447E-AE4D-D185D8A39D44}.Release|Any CPU.Build.0 = Release|Any CPU
	EndGlobalSection
	GlobalSection(SolutionProperties) = preSolution
		HideSolutionNode = FALSE
	EndGlobalSection
	GlobalSection(ExtensibilityGlobals) = postSolution
		SolutionGuid = {CCFE0748-6B7E-4028-A415-E37FD842B23A}
	EndGlobalSection
EndGlobal
