
Microsoft Visual Studio Solution File, Format Version 12.00
# Visual Studio 15
VisualStudioVersion = 15.0.28307.136
MinimumVisualStudioVersion = 10.0.40219.1
Project("{9A19103F-16F7-4668-BE54-9A1E7A4F7556}") = "JSONProject", "JSONProject\JSONProject.csproj", "{079613E2-5D4D-4757-9123-032EE73CB2E7}"
EndProject
Project("{9A19103F-16F7-4668-BE54-9A1E7A4F7556}") = "JSONProgect2", "JSONProgect2\JSONProgect2.csproj", "{DDE8C907-1B0A-4DB1-B568-C8F1D2FF8133}"
EndProject
Project("{9A19103F-16F7-4668-BE54-9A1E7A4F7556}") = "JSONProject3", "JSONProject3\JSONProject3.csproj", "{0CFB3688-E1CE-4EE5-B6FE-749CC76D2B50}"
EndProject
Project("{9A19103F-16F7-4668-BE54-9A1E7A4F7556}") = "LogMovier2", "LogMovier2\LogMovier2.csproj", "{B437AB7A-9AA1-4E2A-8DD6-5C08443B78D4}"
EndProject
Project("{FAE04EC0-301F-11D3-BF4B-00C04F79EFBC}") = "LogsReplacerService", "LogsReplacerService\LogsReplacerService.csproj", "{78C2A42B-DCFA-45A8-B4ED-6C2068F75298}"
EndProject
Project("{9A19103F-16F7-4668-BE54-9A1E7A4F7556}") = "LogReplacer", "LogReplacer\LogReplacer.csproj", "{E5D5E97B-832A-439F-9B48-BAA889331B66}"
EndProject
Project("{FAE04EC0-301F-11D3-BF4B-00C04F79EFBC}") = "FileWatcherService", "FileWatcherService\FileWatcherService.csproj", "{E7C6AC59-40B2-4C30-A625-2DBE48276B9C}"
EndProject
Project("{FAE04EC0-301F-11D3-BF4B-00C04F79EFBC}") = "ConsoleApp1", "ConsoleApp1\ConsoleApp1.csproj", "{C4F72687-D8DF-4323-B5FB-69CC6ECF6AA7}"
EndProject
Project("{9A19103F-16F7-4668-BE54-9A1E7A4F7556}") = "FileWatcherApp", "FileWatcherApp\FileWatcherApp.csproj", "{706E7547-E430-45F3-95E6-5FE1E4109DEB}"
EndProject
Project("{9A19103F-16F7-4668-BE54-9A1E7A4F7556}") = "FileWatcherMultiApp", "FileWatcherMultiApp\FileWatcherMultiApp.csproj", "{C2D8DCD7-0632-439E-B876-6AF9BC1EFB30}"
EndProject
Project("{FAE04EC0-301F-11D3-BF4B-00C04F79EFBC}") = "FileWatcherMultiService", "FileWatcherMultiService\FileWatcherMultiService.csproj", "{03A9B361-5B42-4F3F-A340-88FAC88D46FE}"
EndProject
Project("{9A19103F-16F7-4668-BE54-9A1E7A4F7556}") = "XMLProject", "XMLProject\XMLProject.csproj", "{F6574EFC-93B2-44D6-9F9F-AF3EEFA4F05A}"
EndProject
Project("{9A19103F-16F7-4668-BE54-9A1E7A4F7556}") = "XmlProject2", "XmlProject2\XmlProject2.csproj", "{B076AD7F-59E1-4135-9E48-BF42B2647811}"
EndProject
Project("{9A19103F-16F7-4668-BE54-9A1E7A4F7556}") = "XmlProject3", "XmlProject3\XmlProject3.csproj", "{AA9E417B-B0BA-45E0-82F7-976FF110B66F}"
EndProject
Project("{FAE04EC0-301F-11D3-BF4B-00C04F79EFBC}") = "XmlProject4", "XmlProject4\XmlProject4.csproj", "{C5E70328-51FD-40B6-8D23-8C9608AEF91D}"
EndProject
Global
	GlobalSection(SolutionConfigurationPlatforms) = preSolution
		Debug|Any CPU = Debug|Any CPU
		Release|Any CPU = Release|Any CPU
	EndGlobalSection
	GlobalSection(ProjectConfigurationPlatforms) = postSolution
		{079613E2-5D4D-4757-9123-032EE73CB2E7}.Debug|Any CPU.ActiveCfg = Debug|Any CPU
		{079613E2-5D4D-4757-9123-032EE73CB2E7}.Debug|Any CPU.Build.0 = Debug|Any CPU
		{079613E2-5D4D-4757-9123-032EE73CB2E7}.Release|Any CPU.ActiveCfg = Release|Any CPU
		{079613E2-5D4D-4757-9123-032EE73CB2E7}.Release|Any CPU.Build.0 = Release|Any CPU
		{DDE8C907-1B0A-4DB1-B568-C8F1D2FF8133}.Debug|Any CPU.ActiveCfg = Debug|Any CPU
		{DDE8C907-1B0A-4DB1-B568-C8F1D2FF8133}.Debug|Any CPU.Build.0 = Debug|Any CPU
		{DDE8C907-1B0A-4DB1-B568-C8F1D2FF8133}.Release|Any CPU.ActiveCfg = Release|Any CPU
		{DDE8C907-1B0A-4DB1-B568-C8F1D2FF8133}.Release|Any CPU.Build.0 = Release|Any CPU
		{0CFB3688-E1CE-4EE5-B6FE-749CC76D2B50}.Debug|Any CPU.ActiveCfg = Debug|Any CPU
		{0CFB3688-E1CE-4EE5-B6FE-749CC76D2B50}.Debug|Any CPU.Build.0 = Debug|Any CPU
		{0CFB3688-E1CE-4EE5-B6FE-749CC76D2B50}.Release|Any CPU.ActiveCfg = Release|Any CPU
		{0CFB3688-E1CE-4EE5-B6FE-749CC76D2B50}.Release|Any CPU.Build.0 = Release|Any CPU
		{B437AB7A-9AA1-4E2A-8DD6-5C08443B78D4}.Debug|Any CPU.ActiveCfg = Debug|Any CPU
		{B437AB7A-9AA1-4E2A-8DD6-5C08443B78D4}.Debug|Any CPU.Build.0 = Debug|Any CPU
		{B437AB7A-9AA1-4E2A-8DD6-5C08443B78D4}.Release|Any CPU.ActiveCfg = Release|Any CPU
		{B437AB7A-9AA1-4E2A-8DD6-5C08443B78D4}.Release|Any CPU.Build.0 = Release|Any CPU
		{78C2A42B-DCFA-45A8-B4ED-6C2068F75298}.Debug|Any CPU.ActiveCfg = Debug|Any CPU
		{78C2A42B-DCFA-45A8-B4ED-6C2068F75298}.Debug|Any CPU.Build.0 = Debug|Any CPU
		{78C2A42B-DCFA-45A8-B4ED-6C2068F75298}.Release|Any CPU.ActiveCfg = Release|Any CPU
		{78C2A42B-DCFA-45A8-B4ED-6C2068F75298}.Release|Any CPU.Build.0 = Release|Any CPU
		{E5D5E97B-832A-439F-9B48-BAA889331B66}.Debug|Any CPU.ActiveCfg = Debug|Any CPU
		{E5D5E97B-832A-439F-9B48-BAA889331B66}.Debug|Any CPU.Build.0 = Debug|Any CPU
		{E5D5E97B-832A-439F-9B48-BAA889331B66}.Release|Any CPU.ActiveCfg = Release|Any CPU
		{E5D5E97B-832A-439F-9B48-BAA889331B66}.Release|Any CPU.Build.0 = Release|Any CPU
		{E7C6AC59-40B2-4C30-A625-2DBE48276B9C}.Debug|Any CPU.ActiveCfg = Debug|Any CPU
		{E7C6AC59-40B2-4C30-A625-2DBE48276B9C}.Debug|Any CPU.Build.0 = Debug|Any CPU
		{E7C6AC59-40B2-4C30-A625-2DBE48276B9C}.Release|Any CPU.ActiveCfg = Release|Any CPU
		{E7C6AC59-40B2-4C30-A625-2DBE48276B9C}.Release|Any CPU.Build.0 = Release|Any CPU
		{C4F72687-D8DF-4323-B5FB-69CC6ECF6AA7}.Debug|Any CPU.ActiveCfg = Debug|Any CPU
		{C4F72687-D8DF-4323-B5FB-69CC6ECF6AA7}.Debug|Any CPU.Build.0 = Debug|Any CPU
		{C4F72687-D8DF-4323-B5FB-69CC6ECF6AA7}.Release|Any CPU.ActiveCfg = Release|Any CPU
		{C4F72687-D8DF-4323-B5FB-69CC6ECF6AA7}.Release|Any CPU.Build.0 = Release|Any CPU
		{706E7547-E430-45F3-95E6-5FE1E4109DEB}.Debug|Any CPU.ActiveCfg = Debug|Any CPU
		{706E7547-E430-45F3-95E6-5FE1E4109DEB}.Debug|Any CPU.Build.0 = Debug|Any CPU
		{706E7547-E430-45F3-95E6-5FE1E4109DEB}.Release|Any CPU.ActiveCfg = Release|Any CPU
		{706E7547-E430-45F3-95E6-5FE1E4109DEB}.Release|Any CPU.Build.0 = Release|Any CPU
		{C2D8DCD7-0632-439E-B876-6AF9BC1EFB30}.Debug|Any CPU.ActiveCfg = Debug|Any CPU
		{C2D8DCD7-0632-439E-B876-6AF9BC1EFB30}.Debug|Any CPU.Build.0 = Debug|Any CPU
		{C2D8DCD7-0632-439E-B876-6AF9BC1EFB30}.Release|Any CPU.ActiveCfg = Release|Any CPU
		{C2D8DCD7-0632-439E-B876-6AF9BC1EFB30}.Release|Any CPU.Build.0 = Release|Any CPU
		{03A9B361-5B42-4F3F-A340-88FAC88D46FE}.Debug|Any CPU.ActiveCfg = Debug|Any CPU
		{03A9B361-5B42-4F3F-A340-88FAC88D46FE}.Debug|Any CPU.Build.0 = Debug|Any CPU
		{03A9B361-5B42-4F3F-A340-88FAC88D46FE}.Release|Any CPU.ActiveCfg = Release|Any CPU
		{03A9B361-5B42-4F3F-A340-88FAC88D46FE}.Release|Any CPU.Build.0 = Release|Any CPU
		{F6574EFC-93B2-44D6-9F9F-AF3EEFA4F05A}.Debug|Any CPU.ActiveCfg = Debug|Any CPU
		{F6574EFC-93B2-44D6-9F9F-AF3EEFA4F05A}.Debug|Any CPU.Build.0 = Debug|Any CPU
		{F6574EFC-93B2-44D6-9F9F-AF3EEFA4F05A}.Release|Any CPU.ActiveCfg = Release|Any CPU
		{F6574EFC-93B2-44D6-9F9F-AF3EEFA4F05A}.Release|Any CPU.Build.0 = Release|Any CPU
		{B076AD7F-59E1-4135-9E48-BF42B2647811}.Debug|Any CPU.ActiveCfg = Debug|Any CPU
		{B076AD7F-59E1-4135-9E48-BF42B2647811}.Debug|Any CPU.Build.0 = Debug|Any CPU
		{B076AD7F-59E1-4135-9E48-BF42B2647811}.Release|Any CPU.ActiveCfg = Release|Any CPU
		{B076AD7F-59E1-4135-9E48-BF42B2647811}.Release|Any CPU.Build.0 = Release|Any CPU
		{AA9E417B-B0BA-45E0-82F7-976FF110B66F}.Debug|Any CPU.ActiveCfg = Debug|Any CPU
		{AA9E417B-B0BA-45E0-82F7-976FF110B66F}.Debug|Any CPU.Build.0 = Debug|Any CPU
		{AA9E417B-B0BA-45E0-82F7-976FF110B66F}.Release|Any CPU.ActiveCfg = Release|Any CPU
		{AA9E417B-B0BA-45E0-82F7-976FF110B66F}.Release|Any CPU.Build.0 = Release|Any CPU
		{C5E70328-51FD-40B6-8D23-8C9608AEF91D}.Debug|Any CPU.ActiveCfg = Debug|Any CPU
		{C5E70328-51FD-40B6-8D23-8C9608AEF91D}.Debug|Any CPU.Build.0 = Debug|Any CPU
		{C5E70328-51FD-40B6-8D23-8C9608AEF91D}.Release|Any CPU.ActiveCfg = Release|Any CPU
		{C5E70328-51FD-40B6-8D23-8C9608AEF91D}.Release|Any CPU.Build.0 = Release|Any CPU
	EndGlobalSection
	GlobalSection(SolutionProperties) = preSolution
		HideSolutionNode = FALSE
	EndGlobalSection
	GlobalSection(ExtensibilityGlobals) = postSolution
		SolutionGuid = {F413CCF1-5DB2-4463-8886-CE5B89C1FC74}
	EndGlobalSection
EndGlobal
