
Microsoft Visual Studio Solution File, Format Version 12.00
# Visual Studio 15
VisualStudioVersion = 15.0.28307.757
MinimumVisualStudioVersion = 10.0.40219.1
Project("{9A19103F-16F7-4668-BE54-9A1E7A4F7556}") = "Lesson05", "Lesson05\Lesson05.csproj", "{10D82383-033A-41E6-AEC6-D0BCC4169CE6}"
EndProject
Project("{9A19103F-16F7-4668-BE54-9A1E7A4F7556}") = "Lesson05_2", "Lesson05_2\Lesson05_2.csproj", "{E682FBAF-D310-4FCF-AE55-7ABE8D12E20B}"
EndProject
Project("{9A19103F-16F7-4668-BE54-9A1E7A4F7556}") = "Lesson05_Home", "Lesson05_Home\Lesson05_Home.csproj", "{2F3738DA-6D6D-4ED2-BCB6-0C3432F47C22}"
EndProject
Project("{9A19103F-16F7-4668-BE54-9A1E7A4F7556}") = "Lesson06", "Lesson06\Lesson06.csproj", "{611F874F-CACC-46CC-B965-A5E96FA2617C}"
EndProject
Project("{9A19103F-16F7-4668-BE54-9A1E7A4F7556}") = "Lesson_06_Home01", "Lesson_06_Home01\Lesson_06_Home01.csproj", "{0F43B4F3-BDCC-4EB1-8F92-4A2395568BDF}"
EndProject
Project("{FAE04EC0-301F-11D3-BF4B-00C04F79EFBC}") = "Lesson_06_Home02", "Lesson_06_Home02\Lesson_06_Home02.csproj", "{AE1B35DD-920F-477A-8EEB-58FD9FBD648B}"
EndProject
Global
	GlobalSection(SolutionConfigurationPlatforms) = preSolution
		Debug|Any CPU = Debug|Any CPU
		Release|Any CPU = Release|Any CPU
	EndGlobalSection
	GlobalSection(ProjectConfigurationPlatforms) = postSolution
		{10D82383-033A-41E6-AEC6-D0BCC4169CE6}.Debug|Any CPU.ActiveCfg = Debug|Any CPU
		{10D82383-033A-41E6-AEC6-D0BCC4169CE6}.Debug|Any CPU.Build.0 = Debug|Any CPU
		{10D82383-033A-41E6-AEC6-D0BCC4169CE6}.Release|Any CPU.ActiveCfg = Release|Any CPU
		{10D82383-033A-41E6-AEC6-D0BCC4169CE6}.Release|Any CPU.Build.0 = Release|Any CPU
		{E682FBAF-D310-4FCF-AE55-7ABE8D12E20B}.Debug|Any CPU.ActiveCfg = Debug|Any CPU
		{E682FBAF-D310-4FCF-AE55-7ABE8D12E20B}.Debug|Any CPU.Build.0 = Debug|Any CPU
		{E682FBAF-D310-4FCF-AE55-7ABE8D12E20B}.Release|Any CPU.ActiveCfg = Release|Any CPU
		{E682FBAF-D310-4FCF-AE55-7ABE8D12E20B}.Release|Any CPU.Build.0 = Release|Any CPU
		{2F3738DA-6D6D-4ED2-BCB6-0C3432F47C22}.Debug|Any CPU.ActiveCfg = Debug|Any CPU
		{2F3738DA-6D6D-4ED2-BCB6-0C3432F47C22}.Debug|Any CPU.Build.0 = Debug|Any CPU
		{2F3738DA-6D6D-4ED2-BCB6-0C3432F47C22}.Release|Any CPU.ActiveCfg = Release|Any CPU
		{2F3738DA-6D6D-4ED2-BCB6-0C3432F47C22}.Release|Any CPU.Build.0 = Release|Any CPU
		{611F874F-CACC-46CC-B965-A5E96FA2617C}.Debug|Any CPU.ActiveCfg = Debug|Any CPU
		{611F874F-CACC-46CC-B965-A5E96FA2617C}.Debug|Any CPU.Build.0 = Debug|Any CPU
		{611F874F-CACC-46CC-B965-A5E96FA2617C}.Release|Any CPU.ActiveCfg = Release|Any CPU
		{611F874F-CACC-46CC-B965-A5E96FA2617C}.Release|Any CPU.Build.0 = Release|Any CPU
		{0F43B4F3-BDCC-4EB1-8F92-4A2395568BDF}.Debug|Any CPU.ActiveCfg = Debug|Any CPU
		{0F43B4F3-BDCC-4EB1-8F92-4A2395568BDF}.Debug|Any CPU.Build.0 = Debug|Any CPU
		{0F43B4F3-BDCC-4EB1-8F92-4A2395568BDF}.Release|Any CPU.ActiveCfg = Release|Any CPU
		{0F43B4F3-BDCC-4EB1-8F92-4A2395568BDF}.Release|Any CPU.Build.0 = Release|Any CPU
		{AE1B35DD-920F-477A-8EEB-58FD9FBD648B}.Debug|Any CPU.ActiveCfg = Debug|Any CPU
		{AE1B35DD-920F-477A-8EEB-58FD9FBD648B}.Debug|Any CPU.Build.0 = Debug|Any CPU
		{AE1B35DD-920F-477A-8EEB-58FD9FBD648B}.Release|Any CPU.ActiveCfg = Release|Any CPU
		{AE1B35DD-920F-477A-8EEB-58FD9FBD648B}.Release|Any CPU.Build.0 = Release|Any CPU
	EndGlobalSection
	GlobalSection(SolutionProperties) = preSolution
		HideSolutionNode = FALSE
	EndGlobalSection
	GlobalSection(ExtensibilityGlobals) = postSolution
		SolutionGuid = {9D43F2D9-2644-42FB-BFC3-0077CBA12CA6}
	EndGlobalSection
EndGlobal
