
Microsoft Visual Studio Solution File, Format Version 12.00
# Visual Studio 15
VisualStudioVersion = 15.0.28307.757
MinimumVisualStudioVersion = 10.0.40219.1
Project("{FAE04EC0-301F-11D3-BF4B-00C04F79EFBC}") = "Lesson17", "Lesson17\Lesson17.csproj", "{C4622732-CE88-43C7-A4B4-668905987811}"
EndProject
Project("{FAE04EC0-301F-11D3-BF4B-00C04F79EFBC}") = "Lesson17_2", "Lesson17_2\Lesson17_2.csproj", "{1DAF4CAE-6849-4852-B395-748CF5232079}"
EndProject
Global
	GlobalSection(SolutionConfigurationPlatforms) = preSolution
		Debug|Any CPU = Debug|Any CPU
		Release|Any CPU = Release|Any CPU
	EndGlobalSection
	GlobalSection(ProjectConfigurationPlatforms) = postSolution
		{C4622732-CE88-43C7-A4B4-668905987811}.Debug|Any CPU.ActiveCfg = Debug|Any CPU
		{C4622732-CE88-43C7-A4B4-668905987811}.Debug|Any CPU.Build.0 = Debug|Any CPU
		{C4622732-CE88-43C7-A4B4-668905987811}.Release|Any CPU.ActiveCfg = Release|Any CPU
		{C4622732-CE88-43C7-A4B4-668905987811}.Release|Any CPU.Build.0 = Release|Any CPU
		{1DAF4CAE-6849-4852-B395-748CF5232079}.Debug|Any CPU.ActiveCfg = Debug|Any CPU
		{1DAF4CAE-6849-4852-B395-748CF5232079}.Debug|Any CPU.Build.0 = Debug|Any CPU
		{1DAF4CAE-6849-4852-B395-748CF5232079}.Release|Any CPU.ActiveCfg = Release|Any CPU
		{1DAF4CAE-6849-4852-B395-748CF5232079}.Release|Any CPU.Build.0 = Release|Any CPU
	EndGlobalSection
	GlobalSection(SolutionProperties) = preSolution
		HideSolutionNode = FALSE
	EndGlobalSection
	GlobalSection(ExtensibilityGlobals) = postSolution
		SolutionGuid = {8F4E0676-D7B3-4B41-B665-FC7068F6D7F5}
	EndGlobalSection
EndGlobal
