
Microsoft Visual Studio Solution File, Format Version 12.00
# Visual Studio 15
VisualStudioVersion = 15.0.28307.757
MinimumVisualStudioVersion = 10.0.40219.1
Project("{9A19103F-16F7-4668-BE54-9A1E7A4F7556}") = "Lesson12", "Lesson12\Lesson12.csproj", "{BE0A75EF-42A3-4885-9DDA-54AEEDE42178}"
EndProject
Project("{9A19103F-16F7-4668-BE54-9A1E7A4F7556}") = "Lesson12__2", "Lesson12__2\Lesson12__2.csproj", "{46D64A75-ABE6-4265-B4C5-FC61CD1A8B79}"
EndProject
Project("{9A19103F-16F7-4668-BE54-9A1E7A4F7556}") = "Lesson12_Home01", "Lesson12_Home01\Lesson12_Home01.csproj", "{094A738E-9ADC-4F30-83BC-2C23D9D0B5EA}"
EndProject
Global
	GlobalSection(SolutionConfigurationPlatforms) = preSolution
		Debug|Any CPU = Debug|Any CPU
		Release|Any CPU = Release|Any CPU
	EndGlobalSection
	GlobalSection(ProjectConfigurationPlatforms) = postSolution
		{BE0A75EF-42A3-4885-9DDA-54AEEDE42178}.Debug|Any CPU.ActiveCfg = Debug|Any CPU
		{BE0A75EF-42A3-4885-9DDA-54AEEDE42178}.Debug|Any CPU.Build.0 = Debug|Any CPU
		{BE0A75EF-42A3-4885-9DDA-54AEEDE42178}.Release|Any CPU.ActiveCfg = Release|Any CPU
		{BE0A75EF-42A3-4885-9DDA-54AEEDE42178}.Release|Any CPU.Build.0 = Release|Any CPU
		{46D64A75-ABE6-4265-B4C5-FC61CD1A8B79}.Debug|Any CPU.ActiveCfg = Debug|Any CPU
		{46D64A75-ABE6-4265-B4C5-FC61CD1A8B79}.Debug|Any CPU.Build.0 = Debug|Any CPU
		{46D64A75-ABE6-4265-B4C5-FC61CD1A8B79}.Release|Any CPU.ActiveCfg = Release|Any CPU
		{46D64A75-ABE6-4265-B4C5-FC61CD1A8B79}.Release|Any CPU.Build.0 = Release|Any CPU
		{094A738E-9ADC-4F30-83BC-2C23D9D0B5EA}.Debug|Any CPU.ActiveCfg = Debug|Any CPU
		{094A738E-9ADC-4F30-83BC-2C23D9D0B5EA}.Debug|Any CPU.Build.0 = Debug|Any CPU
		{094A738E-9ADC-4F30-83BC-2C23D9D0B5EA}.Release|Any CPU.ActiveCfg = Release|Any CPU
		{094A738E-9ADC-4F30-83BC-2C23D9D0B5EA}.Release|Any CPU.Build.0 = Release|Any CPU
	EndGlobalSection
	GlobalSection(SolutionProperties) = preSolution
		HideSolutionNode = FALSE
	EndGlobalSection
	GlobalSection(ExtensibilityGlobals) = postSolution
		SolutionGuid = {B5176619-F98B-498B-8A73-DB29CDFDA645}
	EndGlobalSection
EndGlobal
