
Microsoft Visual Studio Solution File, Format Version 12.00
# Visual Studio 15
VisualStudioVersion = 15.0.28307.757
MinimumVisualStudioVersion = 10.0.40219.1
Project("{9A19103F-16F7-4668-BE54-9A1E7A4F7556}") = "Lesson04", "Lesson04\Lesson04.csproj", "{A56BAA10-05E1-4E8C-B5A2-3A123F52FEA8}"
EndProject
Project("{FAE04EC0-301F-11D3-BF4B-00C04F79EFBC}") = "Lesson04_Home", "Lesson04_Home\Lesson04_Home.csproj", "{D6C9413E-EBF5-446A-A02D-D545E297DA7E}"
EndProject
Global
	GlobalSection(SolutionConfigurationPlatforms) = preSolution
		Debug|Any CPU = Debug|Any CPU
		Release|Any CPU = Release|Any CPU
	EndGlobalSection
	GlobalSection(ProjectConfigurationPlatforms) = postSolution
		{A56BAA10-05E1-4E8C-B5A2-3A123F52FEA8}.Debug|Any CPU.ActiveCfg = Debug|Any CPU
		{A56BAA10-05E1-4E8C-B5A2-3A123F52FEA8}.Debug|Any CPU.Build.0 = Debug|Any CPU
		{A56BAA10-05E1-4E8C-B5A2-3A123F52FEA8}.Release|Any CPU.ActiveCfg = Release|Any CPU
		{A56BAA10-05E1-4E8C-B5A2-3A123F52FEA8}.Release|Any CPU.Build.0 = Release|Any CPU
		{D6C9413E-EBF5-446A-A02D-D545E297DA7E}.Debug|Any CPU.ActiveCfg = Debug|Any CPU
		{D6C9413E-EBF5-446A-A02D-D545E297DA7E}.Debug|Any CPU.Build.0 = Debug|Any CPU
		{D6C9413E-EBF5-446A-A02D-D545E297DA7E}.Release|Any CPU.ActiveCfg = Release|Any CPU
		{D6C9413E-EBF5-446A-A02D-D545E297DA7E}.Release|Any CPU.Build.0 = Release|Any CPU
	EndGlobalSection
	GlobalSection(SolutionProperties) = preSolution
		HideSolutionNode = FALSE
	EndGlobalSection
	GlobalSection(ExtensibilityGlobals) = postSolution
		SolutionGuid = {3F3FE072-AAE3-424A-8892-8F1FA9B3FA16}
	EndGlobalSection
EndGlobal
