
Microsoft Visual Studio Solution File, Format Version 12.00
# Visual Studio 15
VisualStudioVersion = 15.0.28307.136
MinimumVisualStudioVersion = 10.0.40219.1
Project("{FAE04EC0-301F-11D3-BF4B-00C04F79EFBC}") = "ExeParams", "ExeParams\ExeParams.csproj", "{2EF09257-EC51-4142-8F58-5FF71EE3F47B}"
EndProject
Global
	GlobalSection(SolutionConfigurationPlatforms) = preSolution
		Debug|Any CPU = Debug|Any CPU
		Release|Any CPU = Release|Any CPU
	EndGlobalSection
	GlobalSection(ProjectConfigurationPlatforms) = postSolution
		{2EF09257-EC51-4142-8F58-5FF71EE3F47B}.Debug|Any CPU.ActiveCfg = Debug|Any CPU
		{2EF09257-EC51-4142-8F58-5FF71EE3F47B}.Debug|Any CPU.Build.0 = Debug|Any CPU
		{2EF09257-EC51-4142-8F58-5FF71EE3F47B}.Release|Any CPU.ActiveCfg = Release|Any CPU
		{2EF09257-EC51-4142-8F58-5FF71EE3F47B}.Release|Any CPU.Build.0 = Release|Any CPU
	EndGlobalSection
	GlobalSection(SolutionProperties) = preSolution
		HideSolutionNode = FALSE
	EndGlobalSection
	GlobalSection(ExtensibilityGlobals) = postSolution
		SolutionGuid = {8F55D9AA-F5D6-4D0C-A61D-CDA88100B3B1}
	EndGlobalSection
EndGlobal
