
Microsoft Visual Studio Solution File, Format Version 12.00
# Visual Studio 15
VisualStudioVersion = 15.0.28307.136
MinimumVisualStudioVersion = 10.0.40219.1
Project("{FAE04EC0-301F-11D3-BF4B-00C04F79EFBC}") = "SokrytieMethods", "nasl\SokrytieMethods.csproj", "{39C40366-BD90-43FC-96CD-DA66050CB542}"
EndProject
Project("{FAE04EC0-301F-11D3-BF4B-00C04F79EFBC}") = "Pereopredelenie", "Pereopredelenie\Pereopredelenie.csproj", "{CDE706D3-8EAE-4505-AD8A-F4DAC7C4D57B}"
EndProject
Global
	GlobalSection(SolutionConfigurationPlatforms) = preSolution
		Debug|Any CPU = Debug|Any CPU
		Release|Any CPU = Release|Any CPU
	EndGlobalSection
	GlobalSection(ProjectConfigurationPlatforms) = postSolution
		{39C40366-BD90-43FC-96CD-DA66050CB542}.Debug|Any CPU.ActiveCfg = Debug|Any CPU
		{39C40366-BD90-43FC-96CD-DA66050CB542}.Debug|Any CPU.Build.0 = Debug|Any CPU
		{39C40366-BD90-43FC-96CD-DA66050CB542}.Release|Any CPU.ActiveCfg = Release|Any CPU
		{39C40366-BD90-43FC-96CD-DA66050CB542}.Release|Any CPU.Build.0 = Release|Any CPU
		{CDE706D3-8EAE-4505-AD8A-F4DAC7C4D57B}.Debug|Any CPU.ActiveCfg = Debug|Any CPU
		{CDE706D3-8EAE-4505-AD8A-F4DAC7C4D57B}.Debug|Any CPU.Build.0 = Debug|Any CPU
		{CDE706D3-8EAE-4505-AD8A-F4DAC7C4D57B}.Release|Any CPU.ActiveCfg = Release|Any CPU
		{CDE706D3-8EAE-4505-AD8A-F4DAC7C4D57B}.Release|Any CPU.Build.0 = Release|Any CPU
	EndGlobalSection
	GlobalSection(SolutionProperties) = preSolution
		HideSolutionNode = FALSE
	EndGlobalSection
	GlobalSection(ExtensibilityGlobals) = postSolution
		SolutionGuid = {68AF3A60-559F-41BD-84A7-FD7542B75CE0}
	EndGlobalSection
EndGlobal
