
Microsoft Visual Studio Solution File, Format Version 12.00
# Visual Studio 15
VisualStudioVersion = 15.0.28307.757
MinimumVisualStudioVersion = 10.0.40219.1
Project("{9A19103F-16F7-4668-BE54-9A1E7A4F7556}") = "Lesson07", "Lesson07\Lesson07.csproj", "{6DE604A7-ED2D-405B-ABB7-2FAC7E8B833B}"
EndProject
Project("{FAE04EC0-301F-11D3-BF4B-00C04F79EFBC}") = "Lesson07_2", "Lesson07_2\Lesson07_2.csproj", "{F2FF354E-F368-4057-AD25-3FDE0A05A30F}"
EndProject
Global
	GlobalSection(SolutionConfigurationPlatforms) = preSolution
		Debug|Any CPU = Debug|Any CPU
		Release|Any CPU = Release|Any CPU
	EndGlobalSection
	GlobalSection(ProjectConfigurationPlatforms) = postSolution
		{6DE604A7-ED2D-405B-ABB7-2FAC7E8B833B}.Debug|Any CPU.ActiveCfg = Debug|Any CPU
		{6DE604A7-ED2D-405B-ABB7-2FAC7E8B833B}.Debug|Any CPU.Build.0 = Debug|Any CPU
		{6DE604A7-ED2D-405B-ABB7-2FAC7E8B833B}.Release|Any CPU.ActiveCfg = Release|Any CPU
		{6DE604A7-ED2D-405B-ABB7-2FAC7E8B833B}.Release|Any CPU.Build.0 = Release|Any CPU
		{F2FF354E-F368-4057-AD25-3FDE0A05A30F}.Debug|Any CPU.ActiveCfg = Debug|Any CPU
		{F2FF354E-F368-4057-AD25-3FDE0A05A30F}.Debug|Any CPU.Build.0 = Debug|Any CPU
		{F2FF354E-F368-4057-AD25-3FDE0A05A30F}.Release|Any CPU.ActiveCfg = Release|Any CPU
		{F2FF354E-F368-4057-AD25-3FDE0A05A30F}.Release|Any CPU.Build.0 = Release|Any CPU
	EndGlobalSection
	GlobalSection(SolutionProperties) = preSolution
		HideSolutionNode = FALSE
	EndGlobalSection
	GlobalSection(ExtensibilityGlobals) = postSolution
		SolutionGuid = {75DE5BD0-8E2D-4D6E-B52D-8F1CCBC89C63}
	EndGlobalSection
EndGlobal
