
Microsoft Visual Studio Solution File, Format Version 12.00
# Visual Studio 15
VisualStudioVersion = 15.0.28307.757
MinimumVisualStudioVersion = 10.0.40219.1
Project("{9A19103F-16F7-4668-BE54-9A1E7A4F7556}") = "Lesson07", "Lesson07\Lesson07.csproj", "{6DE604A7-ED2D-405B-ABB7-2FAC7E8B833B}"
EndProject
Project("{9A19103F-16F7-4668-BE54-9A1E7A4F7556}") = "Lesson07_2", "Lesson07_2\Lesson07_2.csproj", "{F2FF354E-F368-4057-AD25-3FDE0A05A30F}"
EndProject
Project("{9A19103F-16F7-4668-BE54-9A1E7A4F7556}") = "Lesson07_Home1", "Lesson07_Home1\Lesson07_Home1.csproj", "{72B383FF-0733-4F51-A1DB-6FB2D129EF61}"
EndProject
Project("{9A19103F-16F7-4668-BE54-9A1E7A4F7556}") = "Lesson07_3", "Lesson07_3\Lesson07_3.csproj", "{C19FF0F7-8F70-468B-BA58-531261D899C5}"
EndProject
Project("{9A19103F-16F7-4668-BE54-9A1E7A4F7556}") = "Lesson07_4", "Lesson07_4\Lesson07_4.csproj", "{1C7FD436-5A54-4026-9821-18C187A07C82}"
EndProject
Project("{FAE04EC0-301F-11D3-BF4B-00C04F79EFBC}") = "Lesson07_Home2", "Lesson07_Home2\Lesson07_Home2.csproj", "{CA2E83F1-8826-499E-B3F3-8A4411FB08F6}"
EndProject
Global
	GlobalSection(SolutionConfigurationPlatforms) = preSolution
		Debug|Any CPU = Debug|Any CPU
		Release|Any CPU = Release|Any CPU
	EndGlobalSection
	GlobalSection(ProjectConfigurationPlatforms) = postSolution
		{6DE604A7-ED2D-405B-ABB7-2FAC7E8B833B}.Debug|Any CPU.ActiveCfg = Debug|Any CPU
		{6DE604A7-ED2D-405B-ABB7-2FAC7E8B833B}.Debug|Any CPU.Build.0 = Debug|Any CPU
		{6DE604A7-ED2D-405B-ABB7-2FAC7E8B833B}.Release|Any CPU.ActiveCfg = Release|Any CPU
		{6DE604A7-ED2D-405B-ABB7-2FAC7E8B833B}.Release|Any CPU.Build.0 = Release|Any CPU
		{F2FF354E-F368-4057-AD25-3FDE0A05A30F}.Debug|Any CPU.ActiveCfg = Debug|Any CPU
		{F2FF354E-F368-4057-AD25-3FDE0A05A30F}.Debug|Any CPU.Build.0 = Debug|Any CPU
		{F2FF354E-F368-4057-AD25-3FDE0A05A30F}.Release|Any CPU.ActiveCfg = Release|Any CPU
		{F2FF354E-F368-4057-AD25-3FDE0A05A30F}.Release|Any CPU.Build.0 = Release|Any CPU
		{72B383FF-0733-4F51-A1DB-6FB2D129EF61}.Debug|Any CPU.ActiveCfg = Debug|Any CPU
		{72B383FF-0733-4F51-A1DB-6FB2D129EF61}.Debug|Any CPU.Build.0 = Debug|Any CPU
		{72B383FF-0733-4F51-A1DB-6FB2D129EF61}.Release|Any CPU.ActiveCfg = Release|Any CPU
		{72B383FF-0733-4F51-A1DB-6FB2D129EF61}.Release|Any CPU.Build.0 = Release|Any CPU
		{C19FF0F7-8F70-468B-BA58-531261D899C5}.Debug|Any CPU.ActiveCfg = Debug|Any CPU
		{C19FF0F7-8F70-468B-BA58-531261D899C5}.Debug|Any CPU.Build.0 = Debug|Any CPU
		{C19FF0F7-8F70-468B-BA58-531261D899C5}.Release|Any CPU.ActiveCfg = Release|Any CPU
		{C19FF0F7-8F70-468B-BA58-531261D899C5}.Release|Any CPU.Build.0 = Release|Any CPU
		{1C7FD436-5A54-4026-9821-18C187A07C82}.Debug|Any CPU.ActiveCfg = Debug|Any CPU
		{1C7FD436-5A54-4026-9821-18C187A07C82}.Debug|Any CPU.Build.0 = Debug|Any CPU
		{1C7FD436-5A54-4026-9821-18C187A07C82}.Release|Any CPU.ActiveCfg = Release|Any CPU
		{1C7FD436-5A54-4026-9821-18C187A07C82}.Release|Any CPU.Build.0 = Release|Any CPU
		{CA2E83F1-8826-499E-B3F3-8A4411FB08F6}.Debug|Any CPU.ActiveCfg = Debug|Any CPU
		{CA2E83F1-8826-499E-B3F3-8A4411FB08F6}.Debug|Any CPU.Build.0 = Debug|Any CPU
		{CA2E83F1-8826-499E-B3F3-8A4411FB08F6}.Release|Any CPU.ActiveCfg = Release|Any CPU
		{CA2E83F1-8826-499E-B3F3-8A4411FB08F6}.Release|Any CPU.Build.0 = Release|Any CPU
	EndGlobalSection
	GlobalSection(SolutionProperties) = preSolution
		HideSolutionNode = FALSE
	EndGlobalSection
	GlobalSection(ExtensibilityGlobals) = postSolution
		SolutionGuid = {75DE5BD0-8E2D-4D6E-B52D-8F1CCBC89C63}
	EndGlobalSection
EndGlobal
