
Microsoft Visual Studio Solution File, Format Version 12.00
# Visual Studio 15
VisualStudioVersion = 15.0.28307.136
MinimumVisualStudioVersion = 10.0.40219.1
Project("{9A19103F-16F7-4668-BE54-9A1E7A4F7556}") = "Calculator.Figure", "Figures\Calculator.Figure.csproj", "{71F18AA7-CE33-4B5D-838D-0988150ED126}"
EndProject
Project("{9A19103F-16F7-4668-BE54-9A1E7A4F7556}") = "Calculator.Operation", "FigureOperations\Calculator.Operation.csproj", "{41982CBD-AA40-410E-A019-8CD884853E47}"
EndProject
Project("{FAE04EC0-301F-11D3-BF4B-00C04F79EFBC}") = "CalculatorFigureExample", "CalculatorFigureExample\CalculatorFigureExample.csproj", "{BEB98961-AE84-462B-A7AA-932899036DDC}"
EndProject
Global
	GlobalSection(SolutionConfigurationPlatforms) = preSolution
		Debug|Any CPU = Debug|Any CPU
		Release|Any CPU = Release|Any CPU
	EndGlobalSection
	GlobalSection(ProjectConfigurationPlatforms) = postSolution
		{71F18AA7-CE33-4B5D-838D-0988150ED126}.Debug|Any CPU.ActiveCfg = Debug|Any CPU
		{71F18AA7-CE33-4B5D-838D-0988150ED126}.Debug|Any CPU.Build.0 = Debug|Any CPU
		{71F18AA7-CE33-4B5D-838D-0988150ED126}.Release|Any CPU.ActiveCfg = Release|Any CPU
		{71F18AA7-CE33-4B5D-838D-0988150ED126}.Release|Any CPU.Build.0 = Release|Any CPU
		{41982CBD-AA40-410E-A019-8CD884853E47}.Debug|Any CPU.ActiveCfg = Debug|Any CPU
		{41982CBD-AA40-410E-A019-8CD884853E47}.Debug|Any CPU.Build.0 = Debug|Any CPU
		{41982CBD-AA40-410E-A019-8CD884853E47}.Release|Any CPU.ActiveCfg = Release|Any CPU
		{41982CBD-AA40-410E-A019-8CD884853E47}.Release|Any CPU.Build.0 = Release|Any CPU
		{BEB98961-AE84-462B-A7AA-932899036DDC}.Debug|Any CPU.ActiveCfg = Debug|Any CPU
		{BEB98961-AE84-462B-A7AA-932899036DDC}.Debug|Any CPU.Build.0 = Debug|Any CPU
		{BEB98961-AE84-462B-A7AA-932899036DDC}.Release|Any CPU.ActiveCfg = Release|Any CPU
		{BEB98961-AE84-462B-A7AA-932899036DDC}.Release|Any CPU.Build.0 = Release|Any CPU
	EndGlobalSection
	GlobalSection(SolutionProperties) = preSolution
		HideSolutionNode = FALSE
	EndGlobalSection
	GlobalSection(ExtensibilityGlobals) = postSolution
		SolutionGuid = {B4AC9096-2FFC-48AF-BC32-72D4C754DF8B}
	EndGlobalSection
EndGlobal
