
Microsoft Visual Studio Solution File, Format Version 12.00
# Visual Studio 15
VisualStudioVersion = 15.0.28307.757
MinimumVisualStudioVersion = 10.0.40219.1
Project("{9A19103F-16F7-4668-BE54-9A1E7A4F7556}") = "Reminder.Storage.Core", "Reminder.Storage.Core\Reminder.Storage.Core.csproj", "{99C41974-80E1-4D5B-A807-E69EAE163241}"
EndProject
Project("{9A19103F-16F7-4668-BE54-9A1E7A4F7556}") = "Reminder.Storage.InMemory", "Reminder.Storage.InMemory\Reminder.Storage.InMemory.csproj", "{4CDD4187-0BB0-44A6-B5C1-44D453B590A8}"
EndProject
Project("{9A19103F-16F7-4668-BE54-9A1E7A4F7556}") = "Reminder.Storage.Core.Test", "Reminder.Storage.Core.Test\Reminder.Storage.Core.Test.csproj", "{42932869-2D85-41EB-9C8C-14DFCD780947}"
EndProject
Project("{FAE04EC0-301F-11D3-BF4B-00C04F79EFBC}") = "Reminder.Storage.InMemory.Test", "Reminder.Storage.InMemory.Test\Reminder.Storage.InMemory.Test.csproj", "{BD992440-EE38-469A-9CA9-92CB448AAA38}"
EndProject
Project("{FAE04EC0-301F-11D3-BF4B-00C04F79EFBC}") = "Reminder.Domain", "Reminder.Domain\Reminder.Domain.csproj", "{C0754C84-55FD-4D1C-9D47-270DA34C985A}"
EndProject
Project("{FAE04EC0-301F-11D3-BF4B-00C04F79EFBC}") = "Reminder.Domain.Test", "Reminder.Domain.Test\Reminder.Domain.Test.csproj", "{9E692D7A-4AD7-402F-972E-477A39B8FC55}"
EndProject
Global
	GlobalSection(SolutionConfigurationPlatforms) = preSolution
		Debug|Any CPU = Debug|Any CPU
		Release|Any CPU = Release|Any CPU
	EndGlobalSection
	GlobalSection(ProjectConfigurationPlatforms) = postSolution
		{99C41974-80E1-4D5B-A807-E69EAE163241}.Debug|Any CPU.ActiveCfg = Debug|Any CPU
		{99C41974-80E1-4D5B-A807-E69EAE163241}.Debug|Any CPU.Build.0 = Debug|Any CPU
		{99C41974-80E1-4D5B-A807-E69EAE163241}.Release|Any CPU.ActiveCfg = Release|Any CPU
		{99C41974-80E1-4D5B-A807-E69EAE163241}.Release|Any CPU.Build.0 = Release|Any CPU
		{4CDD4187-0BB0-44A6-B5C1-44D453B590A8}.Debug|Any CPU.ActiveCfg = Debug|Any CPU
		{4CDD4187-0BB0-44A6-B5C1-44D453B590A8}.Debug|Any CPU.Build.0 = Debug|Any CPU
		{4CDD4187-0BB0-44A6-B5C1-44D453B590A8}.Release|Any CPU.ActiveCfg = Release|Any CPU
		{4CDD4187-0BB0-44A6-B5C1-44D453B590A8}.Release|Any CPU.Build.0 = Release|Any CPU
		{42932869-2D85-41EB-9C8C-14DFCD780947}.Debug|Any CPU.ActiveCfg = Debug|Any CPU
		{42932869-2D85-41EB-9C8C-14DFCD780947}.Debug|Any CPU.Build.0 = Debug|Any CPU
		{42932869-2D85-41EB-9C8C-14DFCD780947}.Release|Any CPU.ActiveCfg = Release|Any CPU
		{42932869-2D85-41EB-9C8C-14DFCD780947}.Release|Any CPU.Build.0 = Release|Any CPU
		{BD992440-EE38-469A-9CA9-92CB448AAA38}.Debug|Any CPU.ActiveCfg = Debug|Any CPU
		{BD992440-EE38-469A-9CA9-92CB448AAA38}.Debug|Any CPU.Build.0 = Debug|Any CPU
		{BD992440-EE38-469A-9CA9-92CB448AAA38}.Release|Any CPU.ActiveCfg = Release|Any CPU
		{BD992440-EE38-469A-9CA9-92CB448AAA38}.Release|Any CPU.Build.0 = Release|Any CPU
		{C0754C84-55FD-4D1C-9D47-270DA34C985A}.Debug|Any CPU.ActiveCfg = Debug|Any CPU
		{C0754C84-55FD-4D1C-9D47-270DA34C985A}.Debug|Any CPU.Build.0 = Debug|Any CPU
		{C0754C84-55FD-4D1C-9D47-270DA34C985A}.Release|Any CPU.ActiveCfg = Release|Any CPU
		{C0754C84-55FD-4D1C-9D47-270DA34C985A}.Release|Any CPU.Build.0 = Release|Any CPU
		{9E692D7A-4AD7-402F-972E-477A39B8FC55}.Debug|Any CPU.ActiveCfg = Debug|Any CPU
		{9E692D7A-4AD7-402F-972E-477A39B8FC55}.Debug|Any CPU.Build.0 = Debug|Any CPU
		{9E692D7A-4AD7-402F-972E-477A39B8FC55}.Release|Any CPU.ActiveCfg = Release|Any CPU
		{9E692D7A-4AD7-402F-972E-477A39B8FC55}.Release|Any CPU.Build.0 = Release|Any CPU
	EndGlobalSection
	GlobalSection(SolutionProperties) = preSolution
		HideSolutionNode = FALSE
	EndGlobalSection
	GlobalSection(ExtensibilityGlobals) = postSolution
		SolutionGuid = {C83F3D90-56A4-431C-B7CA-8ED86ED21019}
	EndGlobalSection
EndGlobal
